
Microsoft Visual Studio Solution File, Format Version 11.00
# Visual Studio 2010
Project("{F184B08F-C81C-45F6-A57F-5ABD9991F28F}") = "LoopTheLoop", "LoopTheLoop\LoopTheLoop.vbproj", "{CDBA423E-B6E0-4A28-8546-A112A80BB44B}"
EndProject
Global
	GlobalSection(SolutionConfigurationPlatforms) = preSolution
		Debug|x86 = Debug|x86
		Release|x86 = Release|x86
	EndGlobalSection
	GlobalSection(ProjectConfigurationPlatforms) = postSolution
		{CDBA423E-B6E0-4A28-8546-A112A80BB44B}.Debug|x86.ActiveCfg = Debug|x86
		{CDBA423E-B6E0-4A28-8546-A112A80BB44B}.Debug|x86.Build.0 = Debug|x86
		{CDBA423E-B6E0-4A28-8546-A112A80BB44B}.Release|x86.ActiveCfg = Release|x86
		{CDBA423E-B6E0-4A28-8546-A112A80BB44B}.Release|x86.Build.0 = Release|x86
	EndGlobalSection
	GlobalSection(SolutionProperties) = preSolution
		HideSolutionNode = FALSE
	EndGlobalSection
EndGlobal
