
Microsoft Visual Studio Solution File, Format Version 10.00
# Visual Studio 2008
Project("{F184B08F-C81C-45F6-A57F-5ABD9991F28F}") = "FortuneTeller", "FortuneTeller\FortuneTeller.vbproj", "{F6C84858-55A5-4D89-9CB0-DDE9B951C144}"
EndProject
Global
	GlobalSection(SolutionConfigurationPlatforms) = preSolution
		Debug|Any CPU = Debug|Any CPU
		Release|Any CPU = Release|Any CPU
	EndGlobalSection
	GlobalSection(ProjectConfigurationPlatforms) = postSolution
		{F6C84858-55A5-4D89-9CB0-DDE9B951C144}.Debug|Any CPU.ActiveCfg = Debug|Any CPU
		{F6C84858-55A5-4D89-9CB0-DDE9B951C144}.Debug|Any CPU.Build.0 = Debug|Any CPU
		{F6C84858-55A5-4D89-9CB0-DDE9B951C144}.Release|Any CPU.ActiveCfg = Release|Any CPU
		{F6C84858-55A5-4D89-9CB0-DDE9B951C144}.Release|Any CPU.Build.0 = Release|Any CPU
	EndGlobalSection
	GlobalSection(SolutionProperties) = preSolution
		HideSolutionNode = FALSE
	EndGlobalSection
EndGlobal
