
Microsoft Visual Studio Solution File, Format Version 11.00
# Visual Studio 2010
Project("{F184B08F-C81C-45F6-A57F-5ABD9991F28F}") = "Shop", "Shop\Shop.vbproj", "{B6A36B7C-A6C8-4C9B-8A11-34D87AD05145}"
EndProject
Global
	GlobalSection(SolutionConfigurationPlatforms) = preSolution
		Debug|x86 = Debug|x86
		Release|x86 = Release|x86
	EndGlobalSection
	GlobalSection(ProjectConfigurationPlatforms) = postSolution
		{B6A36B7C-A6C8-4C9B-8A11-34D87AD05145}.Debug|x86.ActiveCfg = Debug|x86
		{B6A36B7C-A6C8-4C9B-8A11-34D87AD05145}.Debug|x86.Build.0 = Debug|x86
		{B6A36B7C-A6C8-4C9B-8A11-34D87AD05145}.Release|x86.ActiveCfg = Release|x86
		{B6A36B7C-A6C8-4C9B-8A11-34D87AD05145}.Release|x86.Build.0 = Release|x86
	EndGlobalSection
	GlobalSection(SolutionProperties) = preSolution
		HideSolutionNode = FALSE
	EndGlobalSection
EndGlobal
