
Microsoft Visual Studio Solution File, Format Version 11.00
# Visual Studio 2010
Project("{F184B08F-C81C-45F6-A57F-5ABD9991F28F}") = "ExitDo", "ExitDo\ExitDo.vbproj", "{974A355C-9C20-4F12-BDD4-DBC66082E5D0}"
EndProject
Global
	GlobalSection(SolutionConfigurationPlatforms) = preSolution
		Debug|x86 = Debug|x86
		Release|x86 = Release|x86
	EndGlobalSection
	GlobalSection(ProjectConfigurationPlatforms) = postSolution
		{974A355C-9C20-4F12-BDD4-DBC66082E5D0}.Debug|x86.ActiveCfg = Debug|x86
		{974A355C-9C20-4F12-BDD4-DBC66082E5D0}.Debug|x86.Build.0 = Debug|x86
		{974A355C-9C20-4F12-BDD4-DBC66082E5D0}.Release|x86.ActiveCfg = Release|x86
		{974A355C-9C20-4F12-BDD4-DBC66082E5D0}.Release|x86.Build.0 = Release|x86
	EndGlobalSection
	GlobalSection(SolutionProperties) = preSolution
		HideSolutionNode = FALSE
	EndGlobalSection
EndGlobal
