
Microsoft Visual Studio Solution File, Format Version 11.00
# Visual Studio 2010
Project("{F184B08F-C81C-45F6-A57F-5ABD9991F28F}") = "Nesting", "Nesting\Nesting.vbproj", "{0CE8D814-E465-45B6-ADDD-B51D41C955C8}"
EndProject
Global
	GlobalSection(SolutionConfigurationPlatforms) = preSolution
		Debug|x86 = Debug|x86
		Release|x86 = Release|x86
	EndGlobalSection
	GlobalSection(ProjectConfigurationPlatforms) = postSolution
		{0CE8D814-E465-45B6-ADDD-B51D41C955C8}.Debug|x86.ActiveCfg = Debug|x86
		{0CE8D814-E465-45B6-ADDD-B51D41C955C8}.Debug|x86.Build.0 = Debug|x86
		{0CE8D814-E465-45B6-ADDD-B51D41C955C8}.Release|x86.ActiveCfg = Release|x86
		{0CE8D814-E465-45B6-ADDD-B51D41C955C8}.Release|x86.Build.0 = Release|x86
	EndGlobalSection
	GlobalSection(SolutionProperties) = preSolution
		HideSolutionNode = FALSE
	EndGlobalSection
EndGlobal
